
Microsoft Visual Studio Solution File, Format Version 12.00
# Visual Studio Version 17
VisualStudioVersion = 17.1.32319.34
MinimumVisualStudioVersion = 10.0.40219.1
Project("{8BC9CEB8-8B4A-11D0-8D11-00A0C91BC942}") = "Zadanie1.1", "Zadanie1.1\Zadanie1.1.vcxproj", "{D380EB71-4197-41EF-95A8-BB733C0C94CC}"
EndProject
Project("{8BC9CEB8-8B4A-11D0-8D11-00A0C91BC942}") = "Zadanie1.2", "Zadanie1.2\Zadanie1.2.vcxproj", "{A4DE21BF-D280-41DD-AD42-8957B8032B6E}"
EndProject
Project("{8BC9CEB8-8B4A-11D0-8D11-00A0C91BC942}") = "Zadanie1.3", "Zadanie1.3\Zadanie1.3.vcxproj", "{5947475C-9AF5-44DB-9D34-CFE49D54E94B}"
EndProject
Project("{8BC9CEB8-8B4A-11D0-8D11-00A0C91BC942}") = "Zadanie1.4", "Zadanie1.4\Zadanie1.4.vcxproj", "{E759765A-FD13-4B74-AF12-C2EB166F6F0E}"
EndProject
Project("{8BC9CEB8-8B4A-11D0-8D11-00A0C91BC942}") = "Zadanie1.5", "Zadanie1.5\Zadanie1.5.vcxproj", "{56DF1C11-4A26-4135-BD21-838991D744F0}"
EndProject
Project("{8BC9CEB8-8B4A-11D0-8D11-00A0C91BC942}") = "Zadanie1.6", "Zadanie1.6\Zadanie1.6.vcxproj", "{D9C4FB5F-C7BA-4E16-B121-7504BC0B7522}"
EndProject
Project("{8BC9CEB8-8B4A-11D0-8D11-00A0C91BC942}") = "Zadanie1.7", "Zadanie1.7\Zadanie1.7.vcxproj", "{77C746D4-E74B-4659-AF2E-EB7A390A21F0}"
EndProject
Project("{8BC9CEB8-8B4A-11D0-8D11-00A0C91BC942}") = "Zadanie1.9", "Zadanie1.9\Zadanie1.9.vcxproj", "{05E495B4-FFC9-4993-B0A3-210FC320AE1C}"
EndProject
Project("{8BC9CEB8-8B4A-11D0-8D11-00A0C91BC942}") = "Zad2.1", "..\Zad2.1\Zad2.1.vcxproj", "{7FE9B895-8207-47FF-B8EC-08D994BA3E4D}"
EndProject
Project("{8BC9CEB8-8B4A-11D0-8D11-00A0C91BC942}") = "Zadanie2.2", "..\Zadanie2.2\Zadanie2.2.vcxproj", "{606389AE-64F6-40A6-A42B-806FCAF1C0B4}"
EndProject
Project("{8BC9CEB8-8B4A-11D0-8D11-00A0C91BC942}") = "Zadanie2.3", "..\Zadanie2.3\Zadanie2.3.vcxproj", "{8739CA2D-4CC7-43B7-A2F9-DB746B9969EE}"
EndProject
Project("{8BC9CEB8-8B4A-11D0-8D11-00A0C91BC942}") = "Zadanie2.4", "..\Zadanie2.4\Zadanie2.4.vcxproj", "{82F964FA-2E78-4FAF-A89C-0D3B2BB9274A}"
EndProject
Project("{8BC9CEB8-8B4A-11D0-8D11-00A0C91BC942}") = "Zadanie2.5", "..\Zadanie2.5\Zadanie2.5.vcxproj", "{68EBA5CF-92B1-46B7-A4FB-D58F96ADA9CD}"
EndProject
Project("{8BC9CEB8-8B4A-11D0-8D11-00A0C91BC942}") = "Zadanie2.6", "..\Zadanie2.6\Zadanie2.6.vcxproj", "{C0A7B15E-039B-4600-AD8A-9B1961904690}"
EndProject
Project("{8BC9CEB8-8B4A-11D0-8D11-00A0C91BC942}") = "Zadanie3.1", "..\Zadanie3.1\Zadanie3.1.vcxproj", "{AF95DE87-2FBB-41B8-9934-3C4E97BB890D}"
EndProject
Project("{8BC9CEB8-8B4A-11D0-8D11-00A0C91BC942}") = "Zadanie3.2", "..\Zadanie3.2\Zadanie3.2.vcxproj", "{2AF8E3F0-860D-4AD3-8FB7-F0BFAD5569A6}"
EndProject
Project("{8BC9CEB8-8B4A-11D0-8D11-00A0C91BC942}") = "Zadanie3.3", "..\Zadanie3.3\Zadanie3.3.vcxproj", "{1F512966-537A-444D-AA42-1CE28D9B1B86}"
EndProject
Project("{8BC9CEB8-8B4A-11D0-8D11-00A0C91BC942}") = "Zadanie4.2", "..\Zadanie4.2\Zadanie4.2.vcxproj", "{101F5ADA-94B7-4542-9E68-2AE3EE4CF396}"
EndProject
Project("{8BC9CEB8-8B4A-11D0-8D11-00A0C91BC942}") = "Zadanie4.3", "..\Zadanie4.3\Zadanie4.3.vcxproj", "{05B2C41C-8EF9-4E09-93BB-E2328276A9A1}"
EndProject
Project("{8BC9CEB8-8B4A-11D0-8D11-00A0C91BC942}") = "Zadanie4.4", "..\Zadanie4.4\Zadanie4.4.vcxproj", "{DB35DC02-1228-4340-9090-517AE38FFA58}"
EndProject
Project("{8BC9CEB8-8B4A-11D0-8D11-00A0C91BC942}") = "Zadanie4.6", "..\Zadanie4.6\Zadanie4.6.vcxproj", "{40D0E238-F4D1-4C56-AD99-E569EFDEE49B}"
EndProject
Project("{8BC9CEB8-8B4A-11D0-8D11-00A0C91BC942}") = "Zadanie4.7", "..\Zadanie4.7\Zadanie4.7.vcxproj", "{81060119-E824-44BC-B497-86DA4391B20A}"
EndProject
Project("{8BC9CEB8-8B4A-11D0-8D11-00A0C91BC942}") = "Zadanie4.8", "..\Zadanie4.8\Zadanie4.8.vcxproj", "{0923EB93-49D0-48BB-A3E0-A19105B74269}"
EndProject
Project("{8BC9CEB8-8B4A-11D0-8D11-00A0C91BC942}") = "Zadamoe4.9", "..\Zadamoe4.9\Zadamoe4.9.vcxproj", "{74E74022-0CAA-46C0-984A-7521F01B0CE6}"
EndProject
Project("{8BC9CEB8-8B4A-11D0-8D11-00A0C91BC942}") = "Zadanie4.10", "..\Zadanie4.10\Zadanie4.10.vcxproj", "{E61E9AFB-AB17-4FAE-84D9-FA5A44694381}"
EndProject
Project("{8BC9CEB8-8B4A-11D0-8D11-00A0C91BC942}") = "Zadanie5.1", "..\Zadanie5.1\Zadanie5.1.vcxproj", "{18251DD6-C5EA-4D5C-BA19-4108B2BB202F}"
EndProject
Project("{8BC9CEB8-8B4A-11D0-8D11-00A0C91BC942}") = "Zadanie5.2", "..\Zadanie5.2\Zadanie5.2.vcxproj", "{61ED45B7-31BA-40AC-820C-AAA9DE347738}"
EndProject
Project("{8BC9CEB8-8B4A-11D0-8D11-00A0C91BC942}") = "Zadanie5.3", "..\Zadanie5.3\Zadanie5.3.vcxproj", "{E62DDB7B-EC41-4CAB-9D94-2D9C31D915EB}"
EndProject
Project("{8BC9CEB8-8B4A-11D0-8D11-00A0C91BC942}") = "Zadanie5.5", "..\Zadanie5.5\Zadanie5.5.vcxproj", "{8FA131C5-D7F3-4F05-8DD7-31ADB726D47B}"
EndProject
Project("{8BC9CEB8-8B4A-11D0-8D11-00A0C91BC942}") = "Zadanie5.7", "..\Zadanie5.7\Zadanie5.7.vcxproj", "{53B44F24-98E7-497A-BAFB-23AC7422899B}"
EndProject
Project("{8BC9CEB8-8B4A-11D0-8D11-00A0C91BC942}") = "Zadanie5.7wersja2na2", "..\Zadanie5.7wersja2na2\Zadanie5.7wersja2na2.vcxproj", "{D39D1097-2810-474A-AA5B-7B401175F4F1}"
EndProject
Project("{8BC9CEB8-8B4A-11D0-8D11-00A0C91BC942}") = "Zadanie5.8", "..\Zadanie5.8\Zadanie5.8.vcxproj", "{71D391A9-50C3-4415-AA4B-27CC01C9CA79}"
EndProject
Project("{8BC9CEB8-8B4A-11D0-8D11-00A0C91BC942}") = "Zadanie5.9", "..\Zadanie5.9\Zadanie5.9.vcxproj", "{C63F543A-F224-4A50-93EF-BD847557F378}"
EndProject
Project("{8BC9CEB8-8B4A-11D0-8D11-00A0C91BC942}") = "Zadanie6.2", "..\Zadanie6.2\Zadanie6.2.vcxproj", "{AEF11B77-0B95-494B-A139-5F0672BF0C78}"
EndProject
Project("{8BC9CEB8-8B4A-11D0-8D11-00A0C91BC942}") = "Zadanie6.1b", "..\Zadanie6.1b\Zadanie6.1b.vcxproj", "{31EF2B44-643B-4BCD-9053-95868CA73B8E}"
EndProject
Project("{8BC9CEB8-8B4A-11D0-8D11-00A0C91BC942}") = "Zadanie6.1", "..\Zadanie6.1\Zadanie6.1.vcxproj", "{0DDA6E9A-659F-4E53-B77F-3160647E2942}"
EndProject
Project("{8BC9CEB8-8B4A-11D0-8D11-00A0C91BC942}") = "Zadanie7.1", "..\Zadanie7.1\Zadanie7.1.vcxproj", "{9D960229-30F6-4A55-97B6-0008BC871AEF}"
EndProject
Project("{8BC9CEB8-8B4A-11D0-8D11-00A0C91BC942}") = "Zadanie7.2", "..\Zadanie7.2\Zadanie7.2.vcxproj", "{EDE7FF40-88C0-4AC5-8CFF-BD416663A314}"
EndProject
Project("{8BC9CEB8-8B4A-11D0-8D11-00A0C91BC942}") = "Zadanie7.3", "..\Zadanie7.3\Zadanie7.3.vcxproj", "{78CFF583-BAA6-4C73-9F9E-8A08BA034DD6}"
EndProject
Project("{8BC9CEB8-8B4A-11D0-8D11-00A0C91BC942}") = "Zadanie7.4", "..\Zadanie7.4\Zadanie7.4.vcxproj", "{3F8E0033-DE14-41DC-AE65-2C7369CE7CF5}"
EndProject
Project("{8BC9CEB8-8B4A-11D0-8D11-00A0C91BC942}") = "Zadanie7.11", "..\Zadanie7.11\Zadanie7.11.vcxproj", "{BE4CCF51-388D-45E8-8BB3-38C647EC3F92}"
EndProject
Global
	GlobalSection(SolutionConfigurationPlatforms) = preSolution
		Debug|x64 = Debug|x64
		Debug|x86 = Debug|x86
		Release|x64 = Release|x64
		Release|x86 = Release|x86
	EndGlobalSection
	GlobalSection(ProjectConfigurationPlatforms) = postSolution
		{D380EB71-4197-41EF-95A8-BB733C0C94CC}.Debug|x64.ActiveCfg = Debug|x64
		{D380EB71-4197-41EF-95A8-BB733C0C94CC}.Debug|x64.Build.0 = Debug|x64
		{D380EB71-4197-41EF-95A8-BB733C0C94CC}.Debug|x86.ActiveCfg = Debug|Win32
		{D380EB71-4197-41EF-95A8-BB733C0C94CC}.Debug|x86.Build.0 = Debug|Win32
		{D380EB71-4197-41EF-95A8-BB733C0C94CC}.Release|x64.ActiveCfg = Release|x64
		{D380EB71-4197-41EF-95A8-BB733C0C94CC}.Release|x64.Build.0 = Release|x64
		{D380EB71-4197-41EF-95A8-BB733C0C94CC}.Release|x86.ActiveCfg = Release|Win32
		{D380EB71-4197-41EF-95A8-BB733C0C94CC}.Release|x86.Build.0 = Release|Win32
		{A4DE21BF-D280-41DD-AD42-8957B8032B6E}.Debug|x64.ActiveCfg = Debug|x64
		{A4DE21BF-D280-41DD-AD42-8957B8032B6E}.Debug|x64.Build.0 = Debug|x64
		{A4DE21BF-D280-41DD-AD42-8957B8032B6E}.Debug|x86.ActiveCfg = Debug|Win32
		{A4DE21BF-D280-41DD-AD42-8957B8032B6E}.Debug|x86.Build.0 = Debug|Win32
		{A4DE21BF-D280-41DD-AD42-8957B8032B6E}.Release|x64.ActiveCfg = Release|x64
		{A4DE21BF-D280-41DD-AD42-8957B8032B6E}.Release|x64.Build.0 = Release|x64
		{A4DE21BF-D280-41DD-AD42-8957B8032B6E}.Release|x86.ActiveCfg = Release|Win32
		{A4DE21BF-D280-41DD-AD42-8957B8032B6E}.Release|x86.Build.0 = Release|Win32
		{5947475C-9AF5-44DB-9D34-CFE49D54E94B}.Debug|x64.ActiveCfg = Debug|x64
		{5947475C-9AF5-44DB-9D34-CFE49D54E94B}.Debug|x64.Build.0 = Debug|x64
		{5947475C-9AF5-44DB-9D34-CFE49D54E94B}.Debug|x86.ActiveCfg = Debug|Win32
		{5947475C-9AF5-44DB-9D34-CFE49D54E94B}.Debug|x86.Build.0 = Debug|Win32
		{5947475C-9AF5-44DB-9D34-CFE49D54E94B}.Release|x64.ActiveCfg = Release|x64
		{5947475C-9AF5-44DB-9D34-CFE49D54E94B}.Release|x64.Build.0 = Release|x64
		{5947475C-9AF5-44DB-9D34-CFE49D54E94B}.Release|x86.ActiveCfg = Release|Win32
		{5947475C-9AF5-44DB-9D34-CFE49D54E94B}.Release|x86.Build.0 = Release|Win32
		{E759765A-FD13-4B74-AF12-C2EB166F6F0E}.Debug|x64.ActiveCfg = Debug|x64
		{E759765A-FD13-4B74-AF12-C2EB166F6F0E}.Debug|x64.Build.0 = Debug|x64
		{E759765A-FD13-4B74-AF12-C2EB166F6F0E}.Debug|x86.ActiveCfg = Debug|Win32
		{E759765A-FD13-4B74-AF12-C2EB166F6F0E}.Debug|x86.Build.0 = Debug|Win32
		{E759765A-FD13-4B74-AF12-C2EB166F6F0E}.Release|x64.ActiveCfg = Release|x64
		{E759765A-FD13-4B74-AF12-C2EB166F6F0E}.Release|x64.Build.0 = Release|x64
		{E759765A-FD13-4B74-AF12-C2EB166F6F0E}.Release|x86.ActiveCfg = Release|Win32
		{E759765A-FD13-4B74-AF12-C2EB166F6F0E}.Release|x86.Build.0 = Release|Win32
		{56DF1C11-4A26-4135-BD21-838991D744F0}.Debug|x64.ActiveCfg = Debug|x64
		{56DF1C11-4A26-4135-BD21-838991D744F0}.Debug|x64.Build.0 = Debug|x64
		{56DF1C11-4A26-4135-BD21-838991D744F0}.Debug|x86.ActiveCfg = Debug|Win32
		{56DF1C11-4A26-4135-BD21-838991D744F0}.Debug|x86.Build.0 = Debug|Win32
		{56DF1C11-4A26-4135-BD21-838991D744F0}.Release|x64.ActiveCfg = Release|x64
		{56DF1C11-4A26-4135-BD21-838991D744F0}.Release|x64.Build.0 = Release|x64
		{56DF1C11-4A26-4135-BD21-838991D744F0}.Release|x86.ActiveCfg = Release|Win32
		{56DF1C11-4A26-4135-BD21-838991D744F0}.Release|x86.Build.0 = Release|Win32
		{D9C4FB5F-C7BA-4E16-B121-7504BC0B7522}.Debug|x64.ActiveCfg = Debug|x64
		{D9C4FB5F-C7BA-4E16-B121-7504BC0B7522}.Debug|x64.Build.0 = Debug|x64
		{D9C4FB5F-C7BA-4E16-B121-7504BC0B7522}.Debug|x86.ActiveCfg = Debug|Win32
		{D9C4FB5F-C7BA-4E16-B121-7504BC0B7522}.Debug|x86.Build.0 = Debug|Win32
		{D9C4FB5F-C7BA-4E16-B121-7504BC0B7522}.Release|x64.ActiveCfg = Release|x64
		{D9C4FB5F-C7BA-4E16-B121-7504BC0B7522}.Release|x64.Build.0 = Release|x64
		{D9C4FB5F-C7BA-4E16-B121-7504BC0B7522}.Release|x86.ActiveCfg = Release|Win32
		{D9C4FB5F-C7BA-4E16-B121-7504BC0B7522}.Release|x86.Build.0 = Release|Win32
		{77C746D4-E74B-4659-AF2E-EB7A390A21F0}.Debug|x64.ActiveCfg = Debug|x64
		{77C746D4-E74B-4659-AF2E-EB7A390A21F0}.Debug|x64.Build.0 = Debug|x64
		{77C746D4-E74B-4659-AF2E-EB7A390A21F0}.Debug|x86.ActiveCfg = Debug|Win32
		{77C746D4-E74B-4659-AF2E-EB7A390A21F0}.Debug|x86.Build.0 = Debug|Win32
		{77C746D4-E74B-4659-AF2E-EB7A390A21F0}.Release|x64.ActiveCfg = Release|x64
		{77C746D4-E74B-4659-AF2E-EB7A390A21F0}.Release|x64.Build.0 = Release|x64
		{77C746D4-E74B-4659-AF2E-EB7A390A21F0}.Release|x86.ActiveCfg = Release|Win32
		{77C746D4-E74B-4659-AF2E-EB7A390A21F0}.Release|x86.Build.0 = Release|Win32
		{05E495B4-FFC9-4993-B0A3-210FC320AE1C}.Debug|x64.ActiveCfg = Debug|x64
		{05E495B4-FFC9-4993-B0A3-210FC320AE1C}.Debug|x64.Build.0 = Debug|x64
		{05E495B4-FFC9-4993-B0A3-210FC320AE1C}.Debug|x86.ActiveCfg = Debug|Win32
		{05E495B4-FFC9-4993-B0A3-210FC320AE1C}.Debug|x86.Build.0 = Debug|Win32
		{05E495B4-FFC9-4993-B0A3-210FC320AE1C}.Release|x64.ActiveCfg = Release|x64
		{05E495B4-FFC9-4993-B0A3-210FC320AE1C}.Release|x64.Build.0 = Release|x64
		{05E495B4-FFC9-4993-B0A3-210FC320AE1C}.Release|x86.ActiveCfg = Release|Win32
		{05E495B4-FFC9-4993-B0A3-210FC320AE1C}.Release|x86.Build.0 = Release|Win32
		{7FE9B895-8207-47FF-B8EC-08D994BA3E4D}.Debug|x64.ActiveCfg = Debug|x64
		{7FE9B895-8207-47FF-B8EC-08D994BA3E4D}.Debug|x64.Build.0 = Debug|x64
		{7FE9B895-8207-47FF-B8EC-08D994BA3E4D}.Debug|x86.ActiveCfg = Debug|Win32
		{7FE9B895-8207-47FF-B8EC-08D994BA3E4D}.Debug|x86.Build.0 = Debug|Win32
		{7FE9B895-8207-47FF-B8EC-08D994BA3E4D}.Release|x64.ActiveCfg = Release|x64
		{7FE9B895-8207-47FF-B8EC-08D994BA3E4D}.Release|x64.Build.0 = Release|x64
		{7FE9B895-8207-47FF-B8EC-08D994BA3E4D}.Release|x86.ActiveCfg = Release|Win32
		{7FE9B895-8207-47FF-B8EC-08D994BA3E4D}.Release|x86.Build.0 = Release|Win32
		{606389AE-64F6-40A6-A42B-806FCAF1C0B4}.Debug|x64.ActiveCfg = Debug|x64
		{606389AE-64F6-40A6-A42B-806FCAF1C0B4}.Debug|x64.Build.0 = Debug|x64
		{606389AE-64F6-40A6-A42B-806FCAF1C0B4}.Debug|x86.ActiveCfg = Debug|Win32
		{606389AE-64F6-40A6-A42B-806FCAF1C0B4}.Debug|x86.Build.0 = Debug|Win32
		{606389AE-64F6-40A6-A42B-806FCAF1C0B4}.Release|x64.ActiveCfg = Release|x64
		{606389AE-64F6-40A6-A42B-806FCAF1C0B4}.Release|x64.Build.0 = Release|x64
		{606389AE-64F6-40A6-A42B-806FCAF1C0B4}.Release|x86.ActiveCfg = Release|Win32
		{606389AE-64F6-40A6-A42B-806FCAF1C0B4}.Release|x86.Build.0 = Release|Win32
		{8739CA2D-4CC7-43B7-A2F9-DB746B9969EE}.Debug|x64.ActiveCfg = Debug|x64
		{8739CA2D-4CC7-43B7-A2F9-DB746B9969EE}.Debug|x64.Build.0 = Debug|x64
		{8739CA2D-4CC7-43B7-A2F9-DB746B9969EE}.Debug|x86.ActiveCfg = Debug|Win32
		{8739CA2D-4CC7-43B7-A2F9-DB746B9969EE}.Debug|x86.Build.0 = Debug|Win32
		{8739CA2D-4CC7-43B7-A2F9-DB746B9969EE}.Release|x64.ActiveCfg = Release|x64
		{8739CA2D-4CC7-43B7-A2F9-DB746B9969EE}.Release|x64.Build.0 = Release|x64
		{8739CA2D-4CC7-43B7-A2F9-DB746B9969EE}.Release|x86.ActiveCfg = Release|Win32
		{8739CA2D-4CC7-43B7-A2F9-DB746B9969EE}.Release|x86.Build.0 = Release|Win32
		{82F964FA-2E78-4FAF-A89C-0D3B2BB9274A}.Debug|x64.ActiveCfg = Debug|x64
		{82F964FA-2E78-4FAF-A89C-0D3B2BB9274A}.Debug|x64.Build.0 = Debug|x64
		{82F964FA-2E78-4FAF-A89C-0D3B2BB9274A}.Debug|x86.ActiveCfg = Debug|Win32
		{82F964FA-2E78-4FAF-A89C-0D3B2BB9274A}.Debug|x86.Build.0 = Debug|Win32
		{82F964FA-2E78-4FAF-A89C-0D3B2BB9274A}.Release|x64.ActiveCfg = Release|x64
		{82F964FA-2E78-4FAF-A89C-0D3B2BB9274A}.Release|x64.Build.0 = Release|x64
		{82F964FA-2E78-4FAF-A89C-0D3B2BB9274A}.Release|x86.ActiveCfg = Release|Win32
		{82F964FA-2E78-4FAF-A89C-0D3B2BB9274A}.Release|x86.Build.0 = Release|Win32
		{68EBA5CF-92B1-46B7-A4FB-D58F96ADA9CD}.Debug|x64.ActiveCfg = Debug|x64
		{68EBA5CF-92B1-46B7-A4FB-D58F96ADA9CD}.Debug|x64.Build.0 = Debug|x64
		{68EBA5CF-92B1-46B7-A4FB-D58F96ADA9CD}.Debug|x86.ActiveCfg = Debug|Win32
		{68EBA5CF-92B1-46B7-A4FB-D58F96ADA9CD}.Debug|x86.Build.0 = Debug|Win32
		{68EBA5CF-92B1-46B7-A4FB-D58F96ADA9CD}.Release|x64.ActiveCfg = Release|x64
		{68EBA5CF-92B1-46B7-A4FB-D58F96ADA9CD}.Release|x64.Build.0 = Release|x64
		{68EBA5CF-92B1-46B7-A4FB-D58F96ADA9CD}.Release|x86.ActiveCfg = Release|Win32
		{68EBA5CF-92B1-46B7-A4FB-D58F96ADA9CD}.Release|x86.Build.0 = Release|Win32
		{C0A7B15E-039B-4600-AD8A-9B1961904690}.Debug|x64.ActiveCfg = Debug|x64
		{C0A7B15E-039B-4600-AD8A-9B1961904690}.Debug|x64.Build.0 = Debug|x64
		{C0A7B15E-039B-4600-AD8A-9B1961904690}.Debug|x86.ActiveCfg = Debug|Win32
		{C0A7B15E-039B-4600-AD8A-9B1961904690}.Debug|x86.Build.0 = Debug|Win32
		{C0A7B15E-039B-4600-AD8A-9B1961904690}.Release|x64.ActiveCfg = Release|x64
		{C0A7B15E-039B-4600-AD8A-9B1961904690}.Release|x64.Build.0 = Release|x64
		{C0A7B15E-039B-4600-AD8A-9B1961904690}.Release|x86.ActiveCfg = Release|Win32
		{C0A7B15E-039B-4600-AD8A-9B1961904690}.Release|x86.Build.0 = Release|Win32
		{AF95DE87-2FBB-41B8-9934-3C4E97BB890D}.Debug|x64.ActiveCfg = Debug|x64
		{AF95DE87-2FBB-41B8-9934-3C4E97BB890D}.Debug|x64.Build.0 = Debug|x64
		{AF95DE87-2FBB-41B8-9934-3C4E97BB890D}.Debug|x86.ActiveCfg = Debug|Win32
		{AF95DE87-2FBB-41B8-9934-3C4E97BB890D}.Debug|x86.Build.0 = Debug|Win32
		{AF95DE87-2FBB-41B8-9934-3C4E97BB890D}.Release|x64.ActiveCfg = Release|x64
		{AF95DE87-2FBB-41B8-9934-3C4E97BB890D}.Release|x64.Build.0 = Release|x64
		{AF95DE87-2FBB-41B8-9934-3C4E97BB890D}.Release|x86.ActiveCfg = Release|Win32
		{AF95DE87-2FBB-41B8-9934-3C4E97BB890D}.Release|x86.Build.0 = Release|Win32
		{2AF8E3F0-860D-4AD3-8FB7-F0BFAD5569A6}.Debug|x64.ActiveCfg = Debug|x64
		{2AF8E3F0-860D-4AD3-8FB7-F0BFAD5569A6}.Debug|x64.Build.0 = Debug|x64
		{2AF8E3F0-860D-4AD3-8FB7-F0BFAD5569A6}.Debug|x86.ActiveCfg = Debug|Win32
		{2AF8E3F0-860D-4AD3-8FB7-F0BFAD5569A6}.Debug|x86.Build.0 = Debug|Win32
		{2AF8E3F0-860D-4AD3-8FB7-F0BFAD5569A6}.Release|x64.ActiveCfg = Release|x64
		{2AF8E3F0-860D-4AD3-8FB7-F0BFAD5569A6}.Release|x64.Build.0 = Release|x64
		{2AF8E3F0-860D-4AD3-8FB7-F0BFAD5569A6}.Release|x86.ActiveCfg = Release|Win32
		{2AF8E3F0-860D-4AD3-8FB7-F0BFAD5569A6}.Release|x86.Build.0 = Release|Win32
		{1F512966-537A-444D-AA42-1CE28D9B1B86}.Debug|x64.ActiveCfg = Debug|x64
		{1F512966-537A-444D-AA42-1CE28D9B1B86}.Debug|x64.Build.0 = Debug|x64
		{1F512966-537A-444D-AA42-1CE28D9B1B86}.Debug|x86.ActiveCfg = Debug|Win32
		{1F512966-537A-444D-AA42-1CE28D9B1B86}.Debug|x86.Build.0 = Debug|Win32
		{1F512966-537A-444D-AA42-1CE28D9B1B86}.Release|x64.ActiveCfg = Release|x64
		{1F512966-537A-444D-AA42-1CE28D9B1B86}.Release|x64.Build.0 = Release|x64
		{1F512966-537A-444D-AA42-1CE28D9B1B86}.Release|x86.ActiveCfg = Release|Win32
		{1F512966-537A-444D-AA42-1CE28D9B1B86}.Release|x86.Build.0 = Release|Win32
		{101F5ADA-94B7-4542-9E68-2AE3EE4CF396}.Debug|x64.ActiveCfg = Debug|x64
		{101F5ADA-94B7-4542-9E68-2AE3EE4CF396}.Debug|x64.Build.0 = Debug|x64
		{101F5ADA-94B7-4542-9E68-2AE3EE4CF396}.Debug|x86.ActiveCfg = Debug|Win32
		{101F5ADA-94B7-4542-9E68-2AE3EE4CF396}.Debug|x86.Build.0 = Debug|Win32
		{101F5ADA-94B7-4542-9E68-2AE3EE4CF396}.Release|x64.ActiveCfg = Release|x64
		{101F5ADA-94B7-4542-9E68-2AE3EE4CF396}.Release|x64.Build.0 = Release|x64
		{101F5ADA-94B7-4542-9E68-2AE3EE4CF396}.Release|x86.ActiveCfg = Release|Win32
		{101F5ADA-94B7-4542-9E68-2AE3EE4CF396}.Release|x86.Build.0 = Release|Win32
		{05B2C41C-8EF9-4E09-93BB-E2328276A9A1}.Debug|x64.ActiveCfg = Debug|x64
		{05B2C41C-8EF9-4E09-93BB-E2328276A9A1}.Debug|x64.Build.0 = Debug|x64
		{05B2C41C-8EF9-4E09-93BB-E2328276A9A1}.Debug|x86.ActiveCfg = Debug|Win32
		{05B2C41C-8EF9-4E09-93BB-E2328276A9A1}.Debug|x86.Build.0 = Debug|Win32
		{05B2C41C-8EF9-4E09-93BB-E2328276A9A1}.Release|x64.ActiveCfg = Release|x64
		{05B2C41C-8EF9-4E09-93BB-E2328276A9A1}.Release|x64.Build.0 = Release|x64
		{05B2C41C-8EF9-4E09-93BB-E2328276A9A1}.Release|x86.ActiveCfg = Release|Win32
		{05B2C41C-8EF9-4E09-93BB-E2328276A9A1}.Release|x86.Build.0 = Release|Win32
		{DB35DC02-1228-4340-9090-517AE38FFA58}.Debug|x64.ActiveCfg = Debug|x64
		{DB35DC02-1228-4340-9090-517AE38FFA58}.Debug|x64.Build.0 = Debug|x64
		{DB35DC02-1228-4340-9090-517AE38FFA58}.Debug|x86.ActiveCfg = Debug|Win32
		{DB35DC02-1228-4340-9090-517AE38FFA58}.Debug|x86.Build.0 = Debug|Win32
		{DB35DC02-1228-4340-9090-517AE38FFA58}.Release|x64.ActiveCfg = Release|x64
		{DB35DC02-1228-4340-9090-517AE38FFA58}.Release|x64.Build.0 = Release|x64
		{DB35DC02-1228-4340-9090-517AE38FFA58}.Release|x86.ActiveCfg = Release|Win32
		{DB35DC02-1228-4340-9090-517AE38FFA58}.Release|x86.Build.0 = Release|Win32
		{40D0E238-F4D1-4C56-AD99-E569EFDEE49B}.Debug|x64.ActiveCfg = Debug|x64
		{40D0E238-F4D1-4C56-AD99-E569EFDEE49B}.Debug|x64.Build.0 = Debug|x64
		{40D0E238-F4D1-4C56-AD99-E569EFDEE49B}.Debug|x86.ActiveCfg = Debug|Win32
		{40D0E238-F4D1-4C56-AD99-E569EFDEE49B}.Debug|x86.Build.0 = Debug|Win32
		{40D0E238-F4D1-4C56-AD99-E569EFDEE49B}.Release|x64.ActiveCfg = Release|x64
		{40D0E238-F4D1-4C56-AD99-E569EFDEE49B}.Release|x64.Build.0 = Release|x64
		{40D0E238-F4D1-4C56-AD99-E569EFDEE49B}.Release|x86.ActiveCfg = Release|Win32
		{40D0E238-F4D1-4C56-AD99-E569EFDEE49B}.Release|x86.Build.0 = Release|Win32
		{81060119-E824-44BC-B497-86DA4391B20A}.Debug|x64.ActiveCfg = Debug|x64
		{81060119-E824-44BC-B497-86DA4391B20A}.Debug|x64.Build.0 = Debug|x64
		{81060119-E824-44BC-B497-86DA4391B20A}.Debug|x86.ActiveCfg = Debug|Win32
		{81060119-E824-44BC-B497-86DA4391B20A}.Debug|x86.Build.0 = Debug|Win32
		{81060119-E824-44BC-B497-86DA4391B20A}.Release|x64.ActiveCfg = Release|x64
		{81060119-E824-44BC-B497-86DA4391B20A}.Release|x64.Build.0 = Release|x64
		{81060119-E824-44BC-B497-86DA4391B20A}.Release|x86.ActiveCfg = Release|Win32
		{81060119-E824-44BC-B497-86DA4391B20A}.Release|x86.Build.0 = Release|Win32
		{0923EB93-49D0-48BB-A3E0-A19105B74269}.Debug|x64.ActiveCfg = Debug|x64
		{0923EB93-49D0-48BB-A3E0-A19105B74269}.Debug|x64.Build.0 = Debug|x64
		{0923EB93-49D0-48BB-A3E0-A19105B74269}.Debug|x86.ActiveCfg = Debug|Win32
		{0923EB93-49D0-48BB-A3E0-A19105B74269}.Debug|x86.Build.0 = Debug|Win32
		{0923EB93-49D0-48BB-A3E0-A19105B74269}.Release|x64.ActiveCfg = Release|x64
		{0923EB93-49D0-48BB-A3E0-A19105B74269}.Release|x64.Build.0 = Release|x64
		{0923EB93-49D0-48BB-A3E0-A19105B74269}.Release|x86.ActiveCfg = Release|Win32
		{0923EB93-49D0-48BB-A3E0-A19105B74269}.Release|x86.Build.0 = Release|Win32
		{74E74022-0CAA-46C0-984A-7521F01B0CE6}.Debug|x64.ActiveCfg = Debug|x64
		{74E74022-0CAA-46C0-984A-7521F01B0CE6}.Debug|x64.Build.0 = Debug|x64
		{74E74022-0CAA-46C0-984A-7521F01B0CE6}.Debug|x86.ActiveCfg = Debug|Win32
		{74E74022-0CAA-46C0-984A-7521F01B0CE6}.Debug|x86.Build.0 = Debug|Win32
		{74E74022-0CAA-46C0-984A-7521F01B0CE6}.Release|x64.ActiveCfg = Release|x64
		{74E74022-0CAA-46C0-984A-7521F01B0CE6}.Release|x64.Build.0 = Release|x64
		{74E74022-0CAA-46C0-984A-7521F01B0CE6}.Release|x86.ActiveCfg = Release|Win32
		{74E74022-0CAA-46C0-984A-7521F01B0CE6}.Release|x86.Build.0 = Release|Win32
		{E61E9AFB-AB17-4FAE-84D9-FA5A44694381}.Debug|x64.ActiveCfg = Debug|x64
		{E61E9AFB-AB17-4FAE-84D9-FA5A44694381}.Debug|x64.Build.0 = Debug|x64
		{E61E9AFB-AB17-4FAE-84D9-FA5A44694381}.Debug|x86.ActiveCfg = Debug|Win32
		{E61E9AFB-AB17-4FAE-84D9-FA5A44694381}.Debug|x86.Build.0 = Debug|Win32
		{E61E9AFB-AB17-4FAE-84D9-FA5A44694381}.Release|x64.ActiveCfg = Release|x64
		{E61E9AFB-AB17-4FAE-84D9-FA5A44694381}.Release|x64.Build.0 = Release|x64
		{E61E9AFB-AB17-4FAE-84D9-FA5A44694381}.Release|x86.ActiveCfg = Release|Win32
		{E61E9AFB-AB17-4FAE-84D9-FA5A44694381}.Release|x86.Build.0 = Release|Win32
		{18251DD6-C5EA-4D5C-BA19-4108B2BB202F}.Debug|x64.ActiveCfg = Debug|x64
		{18251DD6-C5EA-4D5C-BA19-4108B2BB202F}.Debug|x64.Build.0 = Debug|x64
		{18251DD6-C5EA-4D5C-BA19-4108B2BB202F}.Debug|x86.ActiveCfg = Debug|Win32
		{18251DD6-C5EA-4D5C-BA19-4108B2BB202F}.Debug|x86.Build.0 = Debug|Win32
		{18251DD6-C5EA-4D5C-BA19-4108B2BB202F}.Release|x64.ActiveCfg = Release|x64
		{18251DD6-C5EA-4D5C-BA19-4108B2BB202F}.Release|x64.Build.0 = Release|x64
		{18251DD6-C5EA-4D5C-BA19-4108B2BB202F}.Release|x86.ActiveCfg = Release|Win32
		{18251DD6-C5EA-4D5C-BA19-4108B2BB202F}.Release|x86.Build.0 = Release|Win32
		{61ED45B7-31BA-40AC-820C-AAA9DE347738}.Debug|x64.ActiveCfg = Debug|x64
		{61ED45B7-31BA-40AC-820C-AAA9DE347738}.Debug|x64.Build.0 = Debug|x64
		{61ED45B7-31BA-40AC-820C-AAA9DE347738}.Debug|x86.ActiveCfg = Debug|Win32
		{61ED45B7-31BA-40AC-820C-AAA9DE347738}.Debug|x86.Build.0 = Debug|Win32
		{61ED45B7-31BA-40AC-820C-AAA9DE347738}.Release|x64.ActiveCfg = Release|x64
		{61ED45B7-31BA-40AC-820C-AAA9DE347738}.Release|x64.Build.0 = Release|x64
		{61ED45B7-31BA-40AC-820C-AAA9DE347738}.Release|x86.ActiveCfg = Release|Win32
		{61ED45B7-31BA-40AC-820C-AAA9DE347738}.Release|x86.Build.0 = Release|Win32
		{E62DDB7B-EC41-4CAB-9D94-2D9C31D915EB}.Debug|x64.ActiveCfg = Debug|x64
		{E62DDB7B-EC41-4CAB-9D94-2D9C31D915EB}.Debug|x64.Build.0 = Debug|x64
		{E62DDB7B-EC41-4CAB-9D94-2D9C31D915EB}.Debug|x86.ActiveCfg = Debug|Win32
		{E62DDB7B-EC41-4CAB-9D94-2D9C31D915EB}.Debug|x86.Build.0 = Debug|Win32
		{E62DDB7B-EC41-4CAB-9D94-2D9C31D915EB}.Release|x64.ActiveCfg = Release|x64
		{E62DDB7B-EC41-4CAB-9D94-2D9C31D915EB}.Release|x64.Build.0 = Release|x64
		{E62DDB7B-EC41-4CAB-9D94-2D9C31D915EB}.Release|x86.ActiveCfg = Release|Win32
		{E62DDB7B-EC41-4CAB-9D94-2D9C31D915EB}.Release|x86.Build.0 = Release|Win32
		{8FA131C5-D7F3-4F05-8DD7-31ADB726D47B}.Debug|x64.ActiveCfg = Debug|x64
		{8FA131C5-D7F3-4F05-8DD7-31ADB726D47B}.Debug|x64.Build.0 = Debug|x64
		{8FA131C5-D7F3-4F05-8DD7-31ADB726D47B}.Debug|x86.ActiveCfg = Debug|Win32
		{8FA131C5-D7F3-4F05-8DD7-31ADB726D47B}.Debug|x86.Build.0 = Debug|Win32
		{8FA131C5-D7F3-4F05-8DD7-31ADB726D47B}.Release|x64.ActiveCfg = Release|x64
		{8FA131C5-D7F3-4F05-8DD7-31ADB726D47B}.Release|x64.Build.0 = Release|x64
		{8FA131C5-D7F3-4F05-8DD7-31ADB726D47B}.Release|x86.ActiveCfg = Release|Win32
		{8FA131C5-D7F3-4F05-8DD7-31ADB726D47B}.Release|x86.Build.0 = Release|Win32
		{53B44F24-98E7-497A-BAFB-23AC7422899B}.Debug|x64.ActiveCfg = Debug|x64
		{53B44F24-98E7-497A-BAFB-23AC7422899B}.Debug|x64.Build.0 = Debug|x64
		{53B44F24-98E7-497A-BAFB-23AC7422899B}.Debug|x86.ActiveCfg = Debug|Win32
		{53B44F24-98E7-497A-BAFB-23AC7422899B}.Debug|x86.Build.0 = Debug|Win32
		{53B44F24-98E7-497A-BAFB-23AC7422899B}.Release|x64.ActiveCfg = Release|x64
		{53B44F24-98E7-497A-BAFB-23AC7422899B}.Release|x64.Build.0 = Release|x64
		{53B44F24-98E7-497A-BAFB-23AC7422899B}.Release|x86.ActiveCfg = Release|Win32
		{53B44F24-98E7-497A-BAFB-23AC7422899B}.Release|x86.Build.0 = Release|Win32
		{D39D1097-2810-474A-AA5B-7B401175F4F1}.Debug|x64.ActiveCfg = Debug|x64
		{D39D1097-2810-474A-AA5B-7B401175F4F1}.Debug|x64.Build.0 = Debug|x64
		{D39D1097-2810-474A-AA5B-7B401175F4F1}.Debug|x86.ActiveCfg = Debug|Win32
		{D39D1097-2810-474A-AA5B-7B401175F4F1}.Debug|x86.Build.0 = Debug|Win32
		{D39D1097-2810-474A-AA5B-7B401175F4F1}.Release|x64.ActiveCfg = Release|x64
		{D39D1097-2810-474A-AA5B-7B401175F4F1}.Release|x64.Build.0 = Release|x64
		{D39D1097-2810-474A-AA5B-7B401175F4F1}.Release|x86.ActiveCfg = Release|Win32
		{D39D1097-2810-474A-AA5B-7B401175F4F1}.Release|x86.Build.0 = Release|Win32
		{71D391A9-50C3-4415-AA4B-27CC01C9CA79}.Debug|x64.ActiveCfg = Debug|x64
		{71D391A9-50C3-4415-AA4B-27CC01C9CA79}.Debug|x64.Build.0 = Debug|x64
		{71D391A9-50C3-4415-AA4B-27CC01C9CA79}.Debug|x86.ActiveCfg = Debug|Win32
		{71D391A9-50C3-4415-AA4B-27CC01C9CA79}.Debug|x86.Build.0 = Debug|Win32
		{71D391A9-50C3-4415-AA4B-27CC01C9CA79}.Release|x64.ActiveCfg = Release|x64
		{71D391A9-50C3-4415-AA4B-27CC01C9CA79}.Release|x64.Build.0 = Release|x64
		{71D391A9-50C3-4415-AA4B-27CC01C9CA79}.Release|x86.ActiveCfg = Release|Win32
		{71D391A9-50C3-4415-AA4B-27CC01C9CA79}.Release|x86.Build.0 = Release|Win32
		{C63F543A-F224-4A50-93EF-BD847557F378}.Debug|x64.ActiveCfg = Debug|x64
		{C63F543A-F224-4A50-93EF-BD847557F378}.Debug|x64.Build.0 = Debug|x64
		{C63F543A-F224-4A50-93EF-BD847557F378}.Debug|x86.ActiveCfg = Debug|Win32
		{C63F543A-F224-4A50-93EF-BD847557F378}.Debug|x86.Build.0 = Debug|Win32
		{C63F543A-F224-4A50-93EF-BD847557F378}.Release|x64.ActiveCfg = Release|x64
		{C63F543A-F224-4A50-93EF-BD847557F378}.Release|x64.Build.0 = Release|x64
		{C63F543A-F224-4A50-93EF-BD847557F378}.Release|x86.ActiveCfg = Release|Win32
		{C63F543A-F224-4A50-93EF-BD847557F378}.Release|x86.Build.0 = Release|Win32
		{AEF11B77-0B95-494B-A139-5F0672BF0C78}.Debug|x64.ActiveCfg = Debug|x64
		{AEF11B77-0B95-494B-A139-5F0672BF0C78}.Debug|x64.Build.0 = Debug|x64
		{AEF11B77-0B95-494B-A139-5F0672BF0C78}.Debug|x86.ActiveCfg = Debug|Win32
		{AEF11B77-0B95-494B-A139-5F0672BF0C78}.Debug|x86.Build.0 = Debug|Win32
		{AEF11B77-0B95-494B-A139-5F0672BF0C78}.Release|x64.ActiveCfg = Release|x64
		{AEF11B77-0B95-494B-A139-5F0672BF0C78}.Release|x64.Build.0 = Release|x64
		{AEF11B77-0B95-494B-A139-5F0672BF0C78}.Release|x86.ActiveCfg = Release|Win32
		{AEF11B77-0B95-494B-A139-5F0672BF0C78}.Release|x86.Build.0 = Release|Win32
		{31EF2B44-643B-4BCD-9053-95868CA73B8E}.Debug|x64.ActiveCfg = Debug|x64
		{31EF2B44-643B-4BCD-9053-95868CA73B8E}.Debug|x64.Build.0 = Debug|x64
		{31EF2B44-643B-4BCD-9053-95868CA73B8E}.Debug|x86.ActiveCfg = Debug|Win32
		{31EF2B44-643B-4BCD-9053-95868CA73B8E}.Debug|x86.Build.0 = Debug|Win32
		{31EF2B44-643B-4BCD-9053-95868CA73B8E}.Release|x64.ActiveCfg = Release|x64
		{31EF2B44-643B-4BCD-9053-95868CA73B8E}.Release|x64.Build.0 = Release|x64
		{31EF2B44-643B-4BCD-9053-95868CA73B8E}.Release|x86.ActiveCfg = Release|Win32
		{31EF2B44-643B-4BCD-9053-95868CA73B8E}.Release|x86.Build.0 = Release|Win32
		{0DDA6E9A-659F-4E53-B77F-3160647E2942}.Debug|x64.ActiveCfg = Debug|x64
		{0DDA6E9A-659F-4E53-B77F-3160647E2942}.Debug|x64.Build.0 = Debug|x64
		{0DDA6E9A-659F-4E53-B77F-3160647E2942}.Debug|x86.ActiveCfg = Debug|Win32
		{0DDA6E9A-659F-4E53-B77F-3160647E2942}.Debug|x86.Build.0 = Debug|Win32
		{0DDA6E9A-659F-4E53-B77F-3160647E2942}.Release|x64.ActiveCfg = Release|x64
		{0DDA6E9A-659F-4E53-B77F-3160647E2942}.Release|x64.Build.0 = Release|x64
		{0DDA6E9A-659F-4E53-B77F-3160647E2942}.Release|x86.ActiveCfg = Release|Win32
		{0DDA6E9A-659F-4E53-B77F-3160647E2942}.Release|x86.Build.0 = Release|Win32
		{9D960229-30F6-4A55-97B6-0008BC871AEF}.Debug|x64.ActiveCfg = Debug|x64
		{9D960229-30F6-4A55-97B6-0008BC871AEF}.Debug|x64.Build.0 = Debug|x64
		{9D960229-30F6-4A55-97B6-0008BC871AEF}.Debug|x86.ActiveCfg = Debug|Win32
		{9D960229-30F6-4A55-97B6-0008BC871AEF}.Debug|x86.Build.0 = Debug|Win32
		{9D960229-30F6-4A55-97B6-0008BC871AEF}.Release|x64.ActiveCfg = Release|x64
		{9D960229-30F6-4A55-97B6-0008BC871AEF}.Release|x64.Build.0 = Release|x64
		{9D960229-30F6-4A55-97B6-0008BC871AEF}.Release|x86.ActiveCfg = Release|Win32
		{9D960229-30F6-4A55-97B6-0008BC871AEF}.Release|x86.Build.0 = Release|Win32
		{EDE7FF40-88C0-4AC5-8CFF-BD416663A314}.Debug|x64.ActiveCfg = Debug|x64
		{EDE7FF40-88C0-4AC5-8CFF-BD416663A314}.Debug|x64.Build.0 = Debug|x64
		{EDE7FF40-88C0-4AC5-8CFF-BD416663A314}.Debug|x86.ActiveCfg = Debug|Win32
		{EDE7FF40-88C0-4AC5-8CFF-BD416663A314}.Debug|x86.Build.0 = Debug|Win32
		{EDE7FF40-88C0-4AC5-8CFF-BD416663A314}.Release|x64.ActiveCfg = Release|x64
		{EDE7FF40-88C0-4AC5-8CFF-BD416663A314}.Release|x64.Build.0 = Release|x64
		{EDE7FF40-88C0-4AC5-8CFF-BD416663A314}.Release|x86.ActiveCfg = Release|Win32
		{EDE7FF40-88C0-4AC5-8CFF-BD416663A314}.Release|x86.Build.0 = Release|Win32
		{78CFF583-BAA6-4C73-9F9E-8A08BA034DD6}.Debug|x64.ActiveCfg = Debug|x64
		{78CFF583-BAA6-4C73-9F9E-8A08BA034DD6}.Debug|x64.Build.0 = Debug|x64
		{78CFF583-BAA6-4C73-9F9E-8A08BA034DD6}.Debug|x86.ActiveCfg = Debug|Win32
		{78CFF583-BAA6-4C73-9F9E-8A08BA034DD6}.Debug|x86.Build.0 = Debug|Win32
		{78CFF583-BAA6-4C73-9F9E-8A08BA034DD6}.Release|x64.ActiveCfg = Release|x64
		{78CFF583-BAA6-4C73-9F9E-8A08BA034DD6}.Release|x64.Build.0 = Release|x64
		{78CFF583-BAA6-4C73-9F9E-8A08BA034DD6}.Release|x86.ActiveCfg = Release|Win32
		{78CFF583-BAA6-4C73-9F9E-8A08BA034DD6}.Release|x86.Build.0 = Release|Win32
		{3F8E0033-DE14-41DC-AE65-2C7369CE7CF5}.Debug|x64.ActiveCfg = Debug|x64
		{3F8E0033-DE14-41DC-AE65-2C7369CE7CF5}.Debug|x64.Build.0 = Debug|x64
		{3F8E0033-DE14-41DC-AE65-2C7369CE7CF5}.Debug|x86.ActiveCfg = Debug|Win32
		{3F8E0033-DE14-41DC-AE65-2C7369CE7CF5}.Debug|x86.Build.0 = Debug|Win32
		{3F8E0033-DE14-41DC-AE65-2C7369CE7CF5}.Release|x64.ActiveCfg = Release|x64
		{3F8E0033-DE14-41DC-AE65-2C7369CE7CF5}.Release|x64.Build.0 = Release|x64
		{3F8E0033-DE14-41DC-AE65-2C7369CE7CF5}.Release|x86.ActiveCfg = Release|Win32
		{3F8E0033-DE14-41DC-AE65-2C7369CE7CF5}.Release|x86.Build.0 = Release|Win32
		{BE4CCF51-388D-45E8-8BB3-38C647EC3F92}.Debug|x64.ActiveCfg = Debug|x64
		{BE4CCF51-388D-45E8-8BB3-38C647EC3F92}.Debug|x64.Build.0 = Debug|x64
		{BE4CCF51-388D-45E8-8BB3-38C647EC3F92}.Debug|x86.ActiveCfg = Debug|Win32
		{BE4CCF51-388D-45E8-8BB3-38C647EC3F92}.Debug|x86.Build.0 = Debug|Win32
		{BE4CCF51-388D-45E8-8BB3-38C647EC3F92}.Release|x64.ActiveCfg = Release|x64
		{BE4CCF51-388D-45E8-8BB3-38C647EC3F92}.Release|x64.Build.0 = Release|x64
		{BE4CCF51-388D-45E8-8BB3-38C647EC3F92}.Release|x86.ActiveCfg = Release|Win32
		{BE4CCF51-388D-45E8-8BB3-38C647EC3F92}.Release|x86.Build.0 = Release|Win32
	EndGlobalSection
	GlobalSection(SolutionProperties) = preSolution
		HideSolutionNode = FALSE
	EndGlobalSection
	GlobalSection(ExtensibilityGlobals) = postSolution
		SolutionGuid = {A8423E6C-3345-4529-BD02-BBC108E99B36}
	EndGlobalSection
EndGlobal
